
Microsoft Visual Studio Solution File, Format Version 12.00
# Visual Studio 14
VisualStudioVersion = 14.0.23107.0
MinimumVisualStudioVersion = 10.0.40219.1
Project("{FAE04EC0-301F-11D3-BF4B-00C04F79EFBC}") = "MembreLib", "MembreLib\MembreLib.csproj", "{32571984-3128-414E-A922-BED135F53837}"
EndProject
Project("{FAE04EC0-301F-11D3-BF4B-00C04F79EFBC}") = "InscriptionLib", "InscriptionLib\InscriptionLib.csproj", "{711CB8BB-B5CA-4325-9551-6A33E48AE9A7}"
EndProject
Project("{FAE04EC0-301F-11D3-BF4B-00C04F79EFBC}") = "CotisationLib", "CotisationLib\CotisationLib.csproj", "{9E018C7D-57E9-4122-8E69-22ECA7158A40}"
EndProject
Project("{FAE04EC0-301F-11D3-BF4B-00C04F79EFBC}") = "RemboursementLib", "RemboursementLib\RemboursementLib.csproj", "{51CC2FB2-549A-4DA6-9E2E-39559417F7AF}"
EndProject
Project("{FAE04EC0-301F-11D3-BF4B-00C04F79EFBC}") = "ManageSingleConnection", "ManageSingleConnection\ManageSingleConnection.csproj", "{C84BFE57-55D6-41B2-A909-737097FCF273}"
EndProject
Project("{FAE04EC0-301F-11D3-BF4B-00C04F79EFBC}") = "ParametreConnexionLib", "ParametreConnexionLib\ParametreConnexionLib.csproj", "{AC391344-B2BC-4DA8-B169-76A6AEB9B85B}"
EndProject
Project("{FAE04EC0-301F-11D3-BF4B-00C04F79EFBC}") = "TontineUtilities", "TontineUtilities\TontineUtilities.csproj", "{CC265143-B6A1-4076-B4FF-08B4A085E149}"
EndProject
Project("{FAE04EC0-301F-11D3-BF4B-00C04F79EFBC}") = "RoundLib", "RoundLib\RoundLib.csproj", "{4AD49126-B376-4AEA-891E-E2B876D42710}"
EndProject
Global
	GlobalSection(SolutionConfigurationPlatforms) = preSolution
		Debug|Any CPU = Debug|Any CPU
		Release|Any CPU = Release|Any CPU
	EndGlobalSection
	GlobalSection(ProjectConfigurationPlatforms) = postSolution
		{32571984-3128-414E-A922-BED135F53837}.Debug|Any CPU.ActiveCfg = Debug|Any CPU
		{32571984-3128-414E-A922-BED135F53837}.Debug|Any CPU.Build.0 = Debug|Any CPU
		{32571984-3128-414E-A922-BED135F53837}.Release|Any CPU.ActiveCfg = Release|Any CPU
		{32571984-3128-414E-A922-BED135F53837}.Release|Any CPU.Build.0 = Release|Any CPU
		{711CB8BB-B5CA-4325-9551-6A33E48AE9A7}.Debug|Any CPU.ActiveCfg = Debug|Any CPU
		{711CB8BB-B5CA-4325-9551-6A33E48AE9A7}.Debug|Any CPU.Build.0 = Debug|Any CPU
		{711CB8BB-B5CA-4325-9551-6A33E48AE9A7}.Release|Any CPU.ActiveCfg = Release|Any CPU
		{711CB8BB-B5CA-4325-9551-6A33E48AE9A7}.Release|Any CPU.Build.0 = Release|Any CPU
		{9E018C7D-57E9-4122-8E69-22ECA7158A40}.Debug|Any CPU.ActiveCfg = Debug|Any CPU
		{9E018C7D-57E9-4122-8E69-22ECA7158A40}.Debug|Any CPU.Build.0 = Debug|Any CPU
		{9E018C7D-57E9-4122-8E69-22ECA7158A40}.Release|Any CPU.ActiveCfg = Release|Any CPU
		{9E018C7D-57E9-4122-8E69-22ECA7158A40}.Release|Any CPU.Build.0 = Release|Any CPU
		{51CC2FB2-549A-4DA6-9E2E-39559417F7AF}.Debug|Any CPU.ActiveCfg = Debug|Any CPU
		{51CC2FB2-549A-4DA6-9E2E-39559417F7AF}.Debug|Any CPU.Build.0 = Debug|Any CPU
		{51CC2FB2-549A-4DA6-9E2E-39559417F7AF}.Release|Any CPU.ActiveCfg = Release|Any CPU
		{51CC2FB2-549A-4DA6-9E2E-39559417F7AF}.Release|Any CPU.Build.0 = Release|Any CPU
		{C84BFE57-55D6-41B2-A909-737097FCF273}.Debug|Any CPU.ActiveCfg = Debug|Any CPU
		{C84BFE57-55D6-41B2-A909-737097FCF273}.Debug|Any CPU.Build.0 = Debug|Any CPU
		{C84BFE57-55D6-41B2-A909-737097FCF273}.Release|Any CPU.ActiveCfg = Release|Any CPU
		{C84BFE57-55D6-41B2-A909-737097FCF273}.Release|Any CPU.Build.0 = Release|Any CPU
		{AC391344-B2BC-4DA8-B169-76A6AEB9B85B}.Debug|Any CPU.ActiveCfg = Debug|Any CPU
		{AC391344-B2BC-4DA8-B169-76A6AEB9B85B}.Debug|Any CPU.Build.0 = Debug|Any CPU
		{AC391344-B2BC-4DA8-B169-76A6AEB9B85B}.Release|Any CPU.ActiveCfg = Release|Any CPU
		{AC391344-B2BC-4DA8-B169-76A6AEB9B85B}.Release|Any CPU.Build.0 = Release|Any CPU
		{CC265143-B6A1-4076-B4FF-08B4A085E149}.Debug|Any CPU.ActiveCfg = Debug|Any CPU
		{CC265143-B6A1-4076-B4FF-08B4A085E149}.Debug|Any CPU.Build.0 = Debug|Any CPU
		{CC265143-B6A1-4076-B4FF-08B4A085E149}.Release|Any CPU.ActiveCfg = Release|Any CPU
		{CC265143-B6A1-4076-B4FF-08B4A085E149}.Release|Any CPU.Build.0 = Release|Any CPU
		{4AD49126-B376-4AEA-891E-E2B876D42710}.Debug|Any CPU.ActiveCfg = Debug|Any CPU
		{4AD49126-B376-4AEA-891E-E2B876D42710}.Debug|Any CPU.Build.0 = Debug|Any CPU
		{4AD49126-B376-4AEA-891E-E2B876D42710}.Release|Any CPU.ActiveCfg = Release|Any CPU
		{4AD49126-B376-4AEA-891E-E2B876D42710}.Release|Any CPU.Build.0 = Release|Any CPU
	EndGlobalSection
	GlobalSection(SolutionProperties) = preSolution
		HideSolutionNode = FALSE
	EndGlobalSection
EndGlobal
